
Microsoft Visual Studio Solution File, Format Version 12.00
# Visual Studio Version 17
VisualStudioVersion = 17.11.35312.102
MinimumVisualStudioVersion = 10.0.40219.1
Project("{9A19103F-16F7-4668-BE54-9A1E7A4F7556}") = "SchoolLessonManager.Presentation", "SchoolLessonManager\SchoolLessonManager.Presentation.csproj", "{1E310D9C-A3EC-46A9-A112-C11177EF59F7}"
EndProject
Project("{9A19103F-16F7-4668-BE54-9A1E7A4F7556}") = "SchoolLessonManager.Business", "SchoolLessonManager.Business\SchoolLessonManager.Business.csproj", "{147E0590-31D4-4EED-A71A-E316E0388456}"
EndProject
Project("{9A19103F-16F7-4668-BE54-9A1E7A4F7556}") = "SchoolLessonManager.DataAccess", "SchoolLessonManager.DataAccess\SchoolLessonManager.DataAccess.csproj", "{983C0065-D55A-4791-8ED5-D84CE4B9CAE1}"
EndProject
Project("{9A19103F-16F7-4668-BE54-9A1E7A4F7556}") = "SchoolLessonManager.Domain", "SchoolLessonManager.Domain\SchoolLessonManager.Domain.csproj", "{D9B77464-B62B-4470-86A5-12F90022277D}"
EndProject
Project("{FAE04EC0-301F-11D3-BF4B-00C04F79EFBC}") = "SchoolLessonManager.Shared", "SchoolLessonManager.Shared\SchoolLessonManager.Shared.csproj", "{6F43C196-2FDF-42C7-BA02-E1490E5FEFEC}"
EndProject
Global
	GlobalSection(SolutionConfigurationPlatforms) = preSolution
		Debug|Any CPU = Debug|Any CPU
		Release|Any CPU = Release|Any CPU
	EndGlobalSection
	GlobalSection(ProjectConfigurationPlatforms) = postSolution
		{1E310D9C-A3EC-46A9-A112-C11177EF59F7}.Debug|Any CPU.ActiveCfg = Debug|Any CPU
		{1E310D9C-A3EC-46A9-A112-C11177EF59F7}.Debug|Any CPU.Build.0 = Debug|Any CPU
		{1E310D9C-A3EC-46A9-A112-C11177EF59F7}.Release|Any CPU.ActiveCfg = Release|Any CPU
		{1E310D9C-A3EC-46A9-A112-C11177EF59F7}.Release|Any CPU.Build.0 = Release|Any CPU
		{147E0590-31D4-4EED-A71A-E316E0388456}.Debug|Any CPU.ActiveCfg = Debug|Any CPU
		{147E0590-31D4-4EED-A71A-E316E0388456}.Debug|Any CPU.Build.0 = Debug|Any CPU
		{147E0590-31D4-4EED-A71A-E316E0388456}.Release|Any CPU.ActiveCfg = Release|Any CPU
		{147E0590-31D4-4EED-A71A-E316E0388456}.Release|Any CPU.Build.0 = Release|Any CPU
		{983C0065-D55A-4791-8ED5-D84CE4B9CAE1}.Debug|Any CPU.ActiveCfg = Debug|Any CPU
		{983C0065-D55A-4791-8ED5-D84CE4B9CAE1}.Debug|Any CPU.Build.0 = Debug|Any CPU
		{983C0065-D55A-4791-8ED5-D84CE4B9CAE1}.Release|Any CPU.ActiveCfg = Release|Any CPU
		{983C0065-D55A-4791-8ED5-D84CE4B9CAE1}.Release|Any CPU.Build.0 = Release|Any CPU
		{D9B77464-B62B-4470-86A5-12F90022277D}.Debug|Any CPU.ActiveCfg = Debug|Any CPU
		{D9B77464-B62B-4470-86A5-12F90022277D}.Debug|Any CPU.Build.0 = Debug|Any CPU
		{D9B77464-B62B-4470-86A5-12F90022277D}.Release|Any CPU.ActiveCfg = Release|Any CPU
		{D9B77464-B62B-4470-86A5-12F90022277D}.Release|Any CPU.Build.0 = Release|Any CPU
		{6F43C196-2FDF-42C7-BA02-E1490E5FEFEC}.Debug|Any CPU.ActiveCfg = Debug|Any CPU
		{6F43C196-2FDF-42C7-BA02-E1490E5FEFEC}.Debug|Any CPU.Build.0 = Debug|Any CPU
		{6F43C196-2FDF-42C7-BA02-E1490E5FEFEC}.Release|Any CPU.ActiveCfg = Release|Any CPU
		{6F43C196-2FDF-42C7-BA02-E1490E5FEFEC}.Release|Any CPU.Build.0 = Release|Any CPU
	EndGlobalSection
	GlobalSection(SolutionProperties) = preSolution
		HideSolutionNode = FALSE
	EndGlobalSection
	GlobalSection(ExtensibilityGlobals) = postSolution
		SolutionGuid = {F38C08CF-6A32-402E-AB7D-8D227B98641D}
	EndGlobalSection
EndGlobal
